
Microsoft Visual Studio Solution File, Format Version 12.00
# Visual Studio Version 17
VisualStudioVersion = 17.3.32825.248
MinimumVisualStudioVersion = 10.0.40219.1
Project("{FAE04EC0-301F-11D3-BF4B-00C04F79EFBC}") = "WindowsFormsApp12", "WindowsFormsApp12\WindowsFormsApp12.csproj", "{968E77B8-98CC-411D-80C4-0B9CE10C4E54}"
EndProject
Global
	GlobalSection(SolutionConfigurationPlatforms) = preSolution
		Debug|Any CPU = Debug|Any CPU
		Release|Any CPU = Release|Any CPU
	EndGlobalSection
	GlobalSection(ProjectConfigurationPlatforms) = postSolution
		{968E77B8-98CC-411D-80C4-0B9CE10C4E54}.Debug|Any CPU.ActiveCfg = Debug|Any CPU
		{968E77B8-98CC-411D-80C4-0B9CE10C4E54}.Debug|Any CPU.Build.0 = Debug|Any CPU
		{968E77B8-98CC-411D-80C4-0B9CE10C4E54}.Release|Any CPU.ActiveCfg = Release|Any CPU
		{968E77B8-98CC-411D-80C4-0B9CE10C4E54}.Release|Any CPU.Build.0 = Release|Any CPU
	EndGlobalSection
	GlobalSection(SolutionProperties) = preSolution
		HideSolutionNode = FALSE
	EndGlobalSection
	GlobalSection(ExtensibilityGlobals) = postSolution
		SolutionGuid = {7C21F6D8-22CB-4660-B920-16F6EA1DCEAF}
	EndGlobalSection
EndGlobal
